
Microsoft Visual Studio Solution File, Format Version 12.00
# Visual Studio Version 16
VisualStudioVersion = 16.0.29609.76
MinimumVisualStudioVersion = 10.0.40219.1
Project("{FAE04EC0-301F-11D3-BF4B-00C04F79EFBC}") = "bdd_projet", "bdd_projet\bdd_projet.csproj", "{DA6642FC-B512-4F44-BF1E-76746289D220}"
EndProject
Global
	GlobalSection(SolutionConfigurationPlatforms) = preSolution
		Debug|Any CPU = Debug|Any CPU
		Release|Any CPU = Release|Any CPU
	EndGlobalSection
	GlobalSection(ProjectConfigurationPlatforms) = postSolution
		{DA6642FC-B512-4F44-BF1E-76746289D220}.Debug|Any CPU.ActiveCfg = Debug|Any CPU
		{DA6642FC-B512-4F44-BF1E-76746289D220}.Debug|Any CPU.Build.0 = Debug|Any CPU
		{DA6642FC-B512-4F44-BF1E-76746289D220}.Release|Any CPU.ActiveCfg = Release|Any CPU
		{DA6642FC-B512-4F44-BF1E-76746289D220}.Release|Any CPU.Build.0 = Release|Any CPU
	EndGlobalSection
	GlobalSection(SolutionProperties) = preSolution
		HideSolutionNode = FALSE
	EndGlobalSection
	GlobalSection(ExtensibilityGlobals) = postSolution
		SolutionGuid = {938DC961-166C-4A87-9A88-0D7F1CD7B3BC}
	EndGlobalSection
EndGlobal
